{
  "nodes": {
    "nixpkgs": {
      "locked": {
        "lastModified": 1674247172,
        "narHash": "sha256-6gbmukIy81hh95YS7xIFfHjhOCcwIuw37mEopJSsIzs=",
        "owner": "NixOS",
        "repo": "nixpkgs",
        "rev": "f043916573c888930442d101ff4adc2e4cae3665",
        "type": "github"
      },
      "original": {
        "owner": "NixOS",
        "ref": "nixos-unstable-small",
        "repo": "nixpkgs",
        "type": "github"
      }
    },
    "nulib": {
      "locked": {
        "lastModified": 1673749336,
        "narHash": "sha256-bpKNe2IAtOVAB1+3On3UptWfqpIPTKSsTOSx84Ztzrk=",
        "owner": "MidAutumnMoon",
        "repo": "Nulib",
        "rev": "c4ebe9e4e72c7450915d2b6b9632157817600840",
        "type": "github"
      },
      "original": {
        "owner": "MidAutumnMoon",
        "repo": "Nulib",
        "type": "github"
      }
    },
    "root": {
      "inputs": {
        "nixpkgs": "nixpkgs",
        "nulib": "nulib"
      }
    }
  },
  "root": "root",
  "version": 7
}
