{
  "nodes": {
    "nixpkgs": {
      "locked": {
        "lastModified": 1672462040,
        "narHash": "sha256-uJMLzDZLoPUHhyA1zN64YP6KOwrmUtoQESY76Ie/vD4=",
        "owner": "NixOS",
        "repo": "nixpkgs",
        "rev": "9269a0e15385ce1a1b007b3c901499eb499549cc",
        "type": "github"
      },
      "original": {
        "owner": "NixOS",
        "ref": "nixos-unstable-small",
        "repo": "nixpkgs",
        "type": "github"
      }
    },
    "nulib": {
      "locked": {
        "lastModified": 1672540475,
        "narHash": "sha256-ZcRDmvFQ2tD7/jZY8lAoVKmsQ9SXAhh5sSpbiNIOkbI=",
        "owner": "MidAutumnMoon",
        "repo": "Nulib",
        "rev": "8e33207983e4b8ad43ede86adc99fce993410858",
        "type": "github"
      },
      "original": {
        "owner": "MidAutumnMoon",
        "repo": "Nulib",
        "type": "github"
      }
    },
    "root": {
      "inputs": {
        "nixpkgs": "nixpkgs",
        "nulib": "nulib"
      }
    }
  },
  "root": "root",
  "version": 7
}
