{
  "nodes": {
    "nixpkgs": {
      "locked": {
        "lastModified": 1672175656,
        "narHash": "sha256-tl2ifQ34SP6Fmn3Y2C7Aar7/d2rWnrTbTXGHecRCWDo=",
        "owner": "NixOS",
        "repo": "nixpkgs",
        "rev": "d5f5ec1628691ba4fbc85b8fca650cac19ea8003",
        "type": "github"
      },
      "original": {
        "owner": "NixOS",
        "ref": "nixos-unstable-small",
        "repo": "nixpkgs",
        "type": "github"
      }
    },
    "nulib": {
      "locked": {
        "lastModified": 1672220783,
        "narHash": "sha256-V0liJg27aj0nAz9HhxwRn5MjAEgHwAnUWgjeSm/+2Ck=",
        "owner": "MidAutumnMoon",
        "repo": "Nulib",
        "rev": "a3a6f5aced348ccc65eca628b012e6c7a8a7c00c",
        "type": "github"
      },
      "original": {
        "owner": "MidAutumnMoon",
        "repo": "Nulib",
        "type": "github"
      }
    },
    "root": {
      "inputs": {
        "nixpkgs": "nixpkgs",
        "nulib": "nulib"
      }
    }
  },
  "root": "root",
  "version": 7
}
